// !$*UTF8*$!
{
	archiveVersion = 1;
	classes = {
	};
	objectVersion = 46;
	objects = {

/* Begin PBXBuildFile section */
		4F0851221B09CE5800867910 /* NSDictionary+Keychain.m in Sources */ = {isa = PBXBuildFile; fileRef = 4F0851211B09CE5800867910 /* NSDictionary+Keychain.m */; };
		4FCD1D721B05BE60005E027B /* main.m in Sources */ = {isa = PBXBuildFile; fileRef = 4FCD1D711B05BE60005E027B /* main.m */; };
		4FCD1D751B05BE60005E027B /* AppDelegate.m in Sources */ = {isa = PBXBuildFile; fileRef = 4FCD1D741B05BE60005E027B /* AppDelegate.m */; };
		4FCD1D781B05BE60005E027B /* FirstViewController.m in Sources */ = {isa = PBXBuildFile; fileRef = 4FCD1D771B05BE60005E027B /* FirstViewController.m */; };
		4FCD1D7B1B05BE60005E027B /* SecondViewController.m in Sources */ = {isa = PBXBuildFile; fileRef = 4FCD1D7A1B05BE60005E027B /* SecondViewController.m */; };
		4FCD1D7E1B05BE60005E027B /* Main.storyboard in Resources */ = {isa = PBXBuildFile; fileRef = 4FCD1D7C1B05BE60005E027B /* Main.storyboard */; };
		4FCD1D801B05BE60005E027B /* Images.xcassets in Resources */ = {isa = PBXBuildFile; fileRef = 4FCD1D7F1B05BE60005E027B /* Images.xcassets */; };
		4FCD1D831B05BE60005E027B /* LaunchScreen.xib in Resources */ = {isa = PBXBuildFile; fileRef = 4FCD1D811B05BE60005E027B /* LaunchScreen.xib */; };
		4FCD1D8F1B05BE61005E027B /* SampleLoginSaverTests.m in Sources */ = {isa = PBXBuildFile; fileRef = 4FCD1D8E1B05BE61005E027B /* SampleLoginSaverTests.m */; };
/* End PBXBuildFile section */

/* Begin PBXContainerItemProxy section */
		4FCD1D891B05BE60005E027B /* PBXContainerItemProxy */ = {
			isa = PBXContainerItemProxy;
			containerPortal = 4FCD1D641B05BE60005E027B /* Project object */;
			proxyType = 1;
			remoteGlobalIDString = 4FCD1D6B1B05BE60005E027B;
			remoteInfo = SampleLoginSaver;
		};
/* End PBXContainerItemProxy section */

/* Begin PBXFileReference section */
		4F0851201B09CE5800867910 /* NSDictionary+Keychain.h */ = {isa = PBXFileReference; fileEncoding = 4; lastKnownFileType = sourcecode.c.h; path = "NSDictionary+Keychain.h"; sourceTree = "<group>"; };
		4F0851211B09CE5800867910 /* NSDictionary+Keychain.m */ = {isa = PBXFileReference; fileEncoding = 4; lastKnownFileType = sourcecode.c.objc; path = "NSDictionary+Keychain.m"; sourceTree = "<group>"; };
		4F0851231B09DE9900867910 /* Common.h */ = {isa = PBXFileReference; lastKnownFileType = sourcecode.c.h; path = Common.h; sourceTree = "<group>"; };
		4FCD1D6C1B05BE60005E027B /* SampleLoginSaver.app */ = {isa = PBXFileReference; explicitFileType = wrapper.application; includeInIndex = 0; path = SampleLoginSaver.app; sourceTree = BUILT_PRODUCTS_DIR; };
		4FCD1D701B05BE60005E027B /* Info.plist */ = {isa = PBXFileReference; lastKnownFileType = text.plist.xml; path = Info.plist; sourceTree = "<group>"; };
		4FCD1D711B05BE60005E027B /* main.m */ = {isa = PBXFileReference; lastKnownFileType = sourcecode.c.objc; path = main.m; sourceTree = "<group>"; };
		4FCD1D731B05BE60005E027B /* AppDelegate.h */ = {isa = PBXFileReference; lastKnownFileType = sourcecode.c.h; path = AppDelegate.h; sourceTree = "<group>"; };
		4FCD1D741B05BE60005E027B /* AppDelegate.m */ = {isa = PBXFileReference; lastKnownFileType = sourcecode.c.objc; path = AppDelegate.m; sourceTree = "<group>"; };
		4FCD1D761B05BE60005E027B /* FirstViewController.h */ = {isa = PBXFileReference; lastKnownFileType = sourcecode.c.h; path = FirstViewController.h; sourceTree = "<group>"; };
		4FCD1D771B05BE60005E027B /* FirstViewController.m */ = {isa = PBXFileReference; lastKnownFileType = sourcecode.c.objc; path = FirstViewController.m; sourceTree = "<group>"; };
		4FCD1D791B05BE60005E027B /* SecondViewController.h */ = {isa = PBXFileReference; lastKnownFileType = sourcecode.c.h; path = SecondViewController.h; sourceTree = "<group>"; };
		4FCD1D7A1B05BE60005E027B /* SecondViewController.m */ = {isa = PBXFileReference; lastKnownFileType = sourcecode.c.objc; path = SecondViewController.m; sourceTree = "<group>"; };
		4FCD1D7D1B05BE60005E027B /* Base */ = {isa = PBXFileReference; lastKnownFileType = file.storyboard; name = Base; path = Base.lproj/Main.storyboard; sourceTree = "<group>"; };
		4FCD1D7F1B05BE60005E027B /* Images.xcassets */ = {isa = PBXFileReference; lastKnownFileType = folder.assetcatalog; path = Images.xcassets; sourceTree = "<group>"; };
		4FCD1D821B05BE60005E027B /* Base */ = {isa = PBXFileReference; lastKnownFileType = file.xib; name = Base; path = Base.lproj/LaunchScreen.xib; sourceTree = "<group>"; };
		4FCD1D881B05BE60005E027B /* SampleLoginSaverTests.xctest */ = {isa = PBXFileReference; explicitFileType = wrapper.cfbundle; includeInIndex = 0; path = SampleLoginSaverTests.xctest; sourceTree = BUILT_PRODUCTS_DIR; };
		4FCD1D8D1B05BE61005E027B /* Info.plist */ = {isa = PBXFileReference; lastKnownFileType = text.plist.xml; path = Info.plist; sourceTree = "<group>"; };
		4FCD1D8E1B05BE61005E027B /* SampleLoginSaverTests.m */ = {isa = PBXFileReference; lastKnownFileType = sourcecode.c.objc; path = SampleLoginSaverTests.m; sourceTree = "<group>"; };
/* End PBXFileReference section */

/* Begin PBXFrameworksBuildPhase section */
		4FCD1D691B05BE60005E027B /* Frameworks */ = {
			isa = PBXFrameworksBuildPhase;
			buildActionMask = 2147483647;
			files = (
			);
			runOnlyForDeploymentPostprocessing = 0;
		};
		4FCD1D851B05BE60005E027B /* Frameworks */ = {
			isa = PBXFrameworksBuildPhase;
			buildActionMask = 2147483647;
			files = (
			);
			runOnlyForDeploymentPostprocessing = 0;
		};
/* End PBXFrameworksBuildPhase section */

/* Begin PBXGroup section */
		4F08511B1B09CD6300867910 /* Keychain */ = {
			isa = PBXGroup;
			children = (
				4F0851201B09CE5800867910 /* NSDictionary+Keychain.h */,
				4F0851211B09CE5800867910 /* NSDictionary+Keychain.m */,
			);
			name = Keychain;
			sourceTree = "<group>";
		};
		4F08511C1B09CD6900867910 /* Core Data */ = {
			isa = PBXGroup;
			children = (
				4F0851231B09DE9900867910 /* Common.h */,
			);
			name = "Core Data";
			sourceTree = "<group>";
		};
		4FCD1D631B05BE60005E027B = {
			isa = PBXGroup;
			children = (
				4FCD1D6E1B05BE60005E027B /* SampleLoginSaver */,
				4FCD1D8B1B05BE60005E027B /* SampleLoginSaverTests */,
				4FCD1D6D1B05BE60005E027B /* Products */,
			);
			sourceTree = "<group>";
		};
		4FCD1D6D1B05BE60005E027B /* Products */ = {
			isa = PBXGroup;
			children = (
				4FCD1D6C1B05BE60005E027B /* SampleLoginSaver.app */,
				4FCD1D881B05BE60005E027B /* SampleLoginSaverTests.xctest */,
			);
			name = Products;
			sourceTree = "<group>";
		};
		4FCD1D6E1B05BE60005E027B /* SampleLoginSaver */ = {
			isa = PBXGroup;
			children = (
				4F08511C1B09CD6900867910 /* Core Data */,
				4F08511B1B09CD6300867910 /* Keychain */,
				4FCD1D731B05BE60005E027B /* AppDelegate.h */,
				4FCD1D741B05BE60005E027B /* AppDelegate.m */,
				4FCD1D761B05BE60005E027B /* FirstViewController.h */,
				4FCD1D771B05BE60005E027B /* FirstViewController.m */,
				4FCD1D791B05BE60005E027B /* SecondViewController.h */,
				4FCD1D7A1B05BE60005E027B /* SecondViewController.m */,
				4FCD1D7C1B05BE60005E027B /* Main.storyboard */,
				4FCD1D7F1B05BE60005E027B /* Images.xcassets */,
				4FCD1D811B05BE60005E027B /* LaunchScreen.xib */,
				4FCD1D6F1B05BE60005E027B /* Supporting Files */,
			);
			path = SampleLoginSaver;
			sourceTree = "<group>";
		};
		4FCD1D6F1B05BE60005E027B /* Supporting Files */ = {
			isa = PBXGroup;
			children = (
				4FCD1D701B05BE60005E027B /* Info.plist */,
				4FCD1D711B05BE60005E027B /* main.m */,
			);
			name = "Supporting Files";
			sourceTree = "<group>";
		};
		4FCD1D8B1B05BE60005E027B /* SampleLoginSaverTests */ = {
			isa = PBXGroup;
			children = (
				4FCD1D8E1B05BE61005E027B /* SampleLoginSaverTests.m */,
				4FCD1D8C1B05BE61005E027B /* Supporting Files */,
			);
			path = SampleLoginSaverTests;
			sourceTree = "<group>";
		};
		4FCD1D8C1B05BE61005E027B /* Supporting Files */ = {
			isa = PBXGroup;
			children = (
				4FCD1D8D1B05BE61005E027B /* Info.plist */,
			);
			name = "Supporting Files";
			sourceTree = "<group>";
		};
/* End PBXGroup section */

/* Begin PBXNativeTarget section */
		4FCD1D6B1B05BE60005E027B /* SampleLoginSaver */ = {
			isa = PBXNativeTarget;
			buildConfigurationList = 4FCD1D921B05BE61005E027B /* Build configuration list for PBXNativeTarget "SampleLoginSaver" */;
			buildPhases = (
				4FCD1D681B05BE60005E027B /* Sources */,
				4FCD1D691B05BE60005E027B /* Frameworks */,
				4FCD1D6A1B05BE60005E027B /* Resources */,
			);
			buildRules = (
			);
			dependencies = (
			);
			name = SampleLoginSaver;
			productName = SampleLoginSaver;
			productReference = 4FCD1D6C1B05BE60005E027B /* SampleLoginSaver.app */;
			productType = "com.apple.product-type.application";
		};
		4FCD1D871B05BE60005E027B /* SampleLoginSaverTests */ = {
			isa = PBXNativeTarget;
			buildConfigurationList = 4FCD1D951B05BE61005E027B /* Build configuration list for PBXNativeTarget "SampleLoginSaverTests" */;
			buildPhases = (
				4FCD1D841B05BE60005E027B /* Sources */,
				4FCD1D851B05BE60005E027B /* Frameworks */,
				4FCD1D861B05BE60005E027B /* Resources */,
			);
			buildRules = (
			);
			dependencies = (
				4FCD1D8A1B05BE60005E027B /* PBXTargetDependency */,
			);
			name = SampleLoginSaverTests;
			productName = SampleLoginSaverTests;
			productReference = 4FCD1D881B05BE60005E027B /* SampleLoginSaverTests.xctest */;
			productType = "com.apple.product-type.bundle.unit-test";
		};
/* End PBXNativeTarget section */

/* Begin PBXProject section */
		4FCD1D641B05BE60005E027B /* Project object */ = {
			isa = PBXProject;
			attributes = {
				LastUpgradeCheck = 0610;
				ORGANIZATIONNAME = "KLab Cyscorpions, Inc.";
				TargetAttributes = {
					4FCD1D6B1B05BE60005E027B = {
						CreatedOnToolsVersion = 6.1;
					};
					4FCD1D871B05BE60005E027B = {
						CreatedOnToolsVersion = 6.1;
						TestTargetID = 4FCD1D6B1B05BE60005E027B;
					};
				};
			};
			buildConfigurationList = 4FCD1D671B05BE60005E027B /* Build configuration list for PBXProject "SampleLoginSaver" */;
			compatibilityVersion = "Xcode 3.2";
			developmentRegion = English;
			hasScannedForEncodings = 0;
			knownRegions = (
				en,
				Base,
			);
			mainGroup = 4FCD1D631B05BE60005E027B;
			productRefGroup = 4FCD1D6D1B05BE60005E027B /* Products */;
			projectDirPath = "";
			projectRoot = "";
			targets = (
				4FCD1D6B1B05BE60005E027B /* SampleLoginSaver */,
				4FCD1D871B05BE60005E027B /* SampleLoginSaverTests */,
			);
		};
/* End PBXProject section */

/* Begin PBXResourcesBuildPhase section */
		4FCD1D6A1B05BE60005E027B /* Resources */ = {
			isa = PBXResourcesBuildPhase;
			buildActionMask = 2147483647;
			files = (
				4FCD1D7E1B05BE60005E027B /* Main.storyboard in Resources */,
				4FCD1D831B05BE60005E027B /* LaunchScreen.xib in Resources */,
				4FCD1D801B05BE60005E027B /* Images.xcassets in Resources */,
			);
			runOnlyForDeploymentPostprocessing = 0;
		};
		4FCD1D861B05BE60005E027B /* Resources */ = {
			isa = PBXResourcesBuildPhase;
			buildActionMask = 2147483647;
			files = (
			);
			runOnlyForDeploymentPostprocessing = 0;
		};
/* End PBXResourcesBuildPhase section */

/* Begin PBXSourcesBuildPhase section */
		4FCD1D681B05BE60005E027B /* Sources */ = {
			isa = PBXSourcesBuildPhase;
			buildActionMask = 2147483647;
			files = (
				4FCD1D7B1B05BE60005E027B /* SecondViewController.m in Sources */,
				4FCD1D751B05BE60005E027B /* AppDelegate.m in Sources */,
				4FCD1D781B05BE60005E027B /* FirstViewController.m in Sources */,
				4FCD1D721B05BE60005E027B /* main.m in Sources */,
				4F0851221B09CE5800867910 /* NSDictionary+Keychain.m in Sources */,
			);
			runOnlyForDeploymentPostprocessing = 0;
		};
		4FCD1D841B05BE60005E027B /* Sources */ = {
			isa = PBXSourcesBuildPhase;
			buildActionMask = 2147483647;
			files = (
				4FCD1D8F1B05BE61005E027B /* SampleLoginSaverTests.m in Sources */,
			);
			runOnlyForDeploymentPostprocessing = 0;
		};
/* End PBXSourcesBuildPhase section */

/* Begin PBXTargetDependency section */
		4FCD1D8A1B05BE60005E027B /* PBXTargetDependency */ = {
			isa = PBXTargetDependency;
			target = 4FCD1D6B1B05BE60005E027B /* SampleLoginSaver */;
			targetProxy = 4FCD1D891B05BE60005E027B /* PBXContainerItemProxy */;
		};
/* End PBXTargetDependency section */

/* Begin PBXVariantGroup section */
		4FCD1D7C1B05BE60005E027B /* Main.storyboard */ = {
			isa = PBXVariantGroup;
			children = (
				4FCD1D7D1B05BE60005E027B /* Base */,
			);
			name = Main.storyboard;
			sourceTree = "<group>";
		};
		4FCD1D811B05BE60005E027B /* LaunchScreen.xib */ = {
			isa = PBXVariantGroup;
			children = (
				4FCD1D821B05BE60005E027B /* Base */,
			);
			name = LaunchScreen.xib;
			sourceTree = "<group>";
		};
/* End PBXVariantGroup section */

/* Begin XCBuildConfiguration section */
		4FCD1D901B05BE61005E027B /* Debug */ = {
			isa = XCBuildConfiguration;
			buildSettings = {
				ALWAYS_SEARCH_USER_PATHS = NO;
				CLANG_CXX_LANGUAGE_STANDARD = "gnu++0x";
				CLANG_CXX_LIBRARY = "libc++";
				CLANG_ENABLE_MODULES = YES;
				CLANG_ENABLE_OBJC_ARC = YES;
				CLANG_WARN_BOOL_CONVERSION = YES;
				CLANG_WARN_CONSTANT_CONVERSION = YES;
				CLANG_WARN_DIRECT_OBJC_ISA_USAGE = YES_ERROR;
				CLANG_WARN_EMPTY_BODY = YES;
				CLANG_WARN_ENUM_CONVERSION = YES;
				CLANG_WARN_INT_CONVERSION = YES;
				CLANG_WARN_OBJC_ROOT_CLASS = YES_ERROR;
				CLANG_WARN_UNREACHABLE_CODE = YES;
				CLANG_WARN__DUPLICATE_METHOD_MATCH = YES;
				"CODE_SIGN_IDENTITY[sdk=iphoneos*]" = "iPhone Developer";
				COPY_PHASE_STRIP = NO;
				ENABLE_STRICT_OBJC_MSGSEND = YES;
				GCC_C_LANGUAGE_STANDARD = gnu99;
				GCC_DYNAMIC_NO_PIC = NO;
				GCC_OPTIMIZATION_LEVEL = 0;
				GCC_PREPROCESSOR_DEFINITIONS = (
					"DEBUG=1",
					"$(inherited)",
				);
				GCC_SYMBOLS_PRIVATE_EXTERN = NO;
				GCC_WARN_64_TO_32_BIT_CONVERSION = YES;
				GCC_WARN_ABOUT_RETURN_TYPE = YES_ERROR;
				GCC_WARN_UNDECLARED_SELECTOR = YES;
				GCC_WARN_UNINITIALIZED_AUTOS = YES_AGGRESSIVE;
				GCC_WARN_UNUSED_FUNCTION = YES;
				GCC_WARN_UNUSED_VARIABLE = YES;
				IPHONEOS_DEPLOYMENT_TARGET = 8.1;
				MTL_ENABLE_DEBUG_INFO = YES;
				ONLY_ACTIVE_ARCH = YES;
				SDKROOT = iphoneos;
			};
			name = Debug;
		};
		4FCD1D911B05BE61005E027B /* Release */ = {
			isa = XCBuildConfiguration;
			buildSettings = {
				ALWAYS_SEARCH_USER_PATHS = NO;
				CLANG_CXX_LANGUAGE_STANDARD = "gnu++0x";
				CLANG_CXX_LIBRARY = "libc++";
				CLANG_ENABLE_MODULES = YES;
				CLANG_ENABLE_OBJC_ARC = YES;
				CLANG_WARN_BOOL_CONVERSION = YES;
				CLANG_WARN_CONSTANT_CONVERSION = YES;
				CLANG_WARN_DIRECT_OBJC_ISA_USAGE = YES_ERROR;
				CLANG_WARN_EMPTY_BODY = YES;
				CLANG_WARN_ENUM_CONVERSION = YES;
				CLANG_WARN_INT_CONVERSION = YES;
				CLANG_WARN_OBJC_ROOT_CLASS = YES_ERROR;
				CLANG_WARN_UNREACHABLE_CODE = YES;
				CLANG_WARN__DUPLICATE_METHOD_MATCH = YES;
				"CODE_SIGN_IDENTITY[sdk=iphoneos*]" = "iPhone Developer";
				COPY_PHASE_STRIP = YES;
				ENABLE_NS_ASSERTIONS = NO;
				ENABLE_STRICT_OBJC_MSGSEND = YES;
				GCC_C_LANGUAGE_STANDARD = gnu99;
				GCC_WARN_64_TO_32_BIT_CONVERSION = YES;
				GCC_WARN_ABOUT_RETURN_TYPE = YES_ERROR;
				GCC_WARN_UNDECLARED_SELECTOR = YES;
				GCC_WARN_UNINITIALIZED_AUTOS = YES_AGGRESSIVE;
				GCC_WARN_UNUSED_FUNCTION = YES;
				GCC_WARN_UNUSED_VARIABLE = YES;
				IPHONEOS_DEPLOYMENT_TARGET = 8.1;
				MTL_ENABLE_DEBUG_INFO = NO;
				SDKROOT = iphoneos;
				VALIDATE_PRODUCT = YES;
			};
			name = Release;
		};
		4FCD1D931B05BE61005E027B /* Debug */ = {
			isa = XCBuildConfiguration;
			buildSettings = {
				ASSETCATALOG_COMPILER_APPICON_NAME = AppIcon;
				INFOPLIST_FILE = SampleLoginSaver/Info.plist;
				IPHONEOS_DEPLOYMENT_TARGET = 7.0;
				LD_RUNPATH_SEARCH_PATHS = "$(inherited) @executable_path/Frameworks";
				PRODUCT_NAME = "$(TARGET_NAME)";
			};
			name = Debug;
		};
		4FCD1D941B05BE61005E027B /* Release */ = {
			isa = XCBuildConfiguration;
			buildSettings = {
				ASSETCATALOG_COMPILER_APPICON_NAME = AppIcon;
				INFOPLIST_FILE = SampleLoginSaver/Info.plist;
				IPHONEOS_DEPLOYMENT_TARGET = 7.0;
				LD_RUNPATH_SEARCH_PATHS = "$(inherited) @executable_path/Frameworks";
				PRODUCT_NAME = "$(TARGET_NAME)";
			};
			name = Release;
		};
		4FCD1D961B05BE61005E027B /* Debug */ = {
			isa = XCBuildConfiguration;
			buildSettings = {
				BUNDLE_LOADER = "$(TEST_HOST)";
				FRAMEWORK_SEARCH_PATHS = (
					"$(SDKROOT)/Developer/Library/Frameworks",
					"$(inherited)",
				);
				GCC_PREPROCESSOR_DEFINITIONS = (
					"DEBUG=1",
					"$(inherited)",
				);
				INFOPLIST_FILE = SampleLoginSaverTests/Info.plist;
				LD_RUNPATH_SEARCH_PATHS = "$(inherited) @executable_path/Frameworks @loader_path/Frameworks";
				PRODUCT_NAME = "$(TARGET_NAME)";
				TEST_HOST = "$(BUILT_PRODUCTS_DIR)/SampleLoginSaver.app/SampleLoginSaver";
			};
			name = Debug;
		};
		4FCD1D971B05BE61005E027B /* Release */ = {
			isa = XCBuildConfiguration;
			buildSettings = {
				BUNDLE_LOADER = "$(TEST_HOST)";
				FRAMEWORK_SEARCH_PATHS = (
					"$(SDKROOT)/Developer/Library/Frameworks",
					"$(inherited)",
				);
				INFOPLIST_FILE = SampleLoginSaverTests/Info.plist;
				LD_RUNPATH_SEARCH_PATHS = "$(inherited) @executable_path/Frameworks @loader_path/Frameworks";
				PRODUCT_NAME = "$(TARGET_NAME)";
				TEST_HOST = "$(BUILT_PRODUCTS_DIR)/SampleLoginSaver.app/SampleLoginSaver";
			};
			name = Release;
		};
/* End XCBuildConfiguration section */

/* Begin XCConfigurationList section */
		4FCD1D671B05BE60005E027B /* Build configuration list for PBXProject "SampleLoginSaver" */ = {
			isa = XCConfigurationList;
			buildConfigurations = (
				4FCD1D901B05BE61005E027B /* Debug */,
				4FCD1D911B05BE61005E027B /* Release */,
			);
			defaultConfigurationIsVisible = 0;
			defaultConfigurationName = Release;
		};
		4FCD1D921B05BE61005E027B /* Build configuration list for PBXNativeTarget "SampleLoginSaver" */ = {
			isa = XCConfigurationList;
			buildConfigurations = (
				4FCD1D931B05BE61005E027B /* Debug */,
				4FCD1D941B05BE61005E027B /* Release */,
			);
			defaultConfigurationIsVisible = 0;
			defaultConfigurationName = Release;
		};
		4FCD1D951B05BE61005E027B /* Build configuration list for PBXNativeTarget "SampleLoginSaverTests" */ = {
			isa = XCConfigurationList;
			buildConfigurations = (
				4FCD1D961B05BE61005E027B /* Debug */,
				4FCD1D971B05BE61005E027B /* Release */,
			);
			defaultConfigurationIsVisible = 0;
			defaultConfigurationName = Release;
		};
/* End XCConfigurationList section */
	};
	rootObject = 4FCD1D641B05BE60005E027B /* Project object */;
}
